// !$*UTF8*$!
{
	archiveVersion = 1;
	classes = {
	};
	objectVersion = 56;
	objects = {

/* Begin PBXBuildFile section */
		033DD522214B9706C8304B6D /* PlayerView.swift in Sources */ = {isa = PBXBuildFile; fileRef = CDCA2CA1298721BEB00E356E /* PlayerView.swift */; };
		17AA36CEC4127A7841F00911 /* GoogleService-Info.plist in Resources */ = {isa = PBXBuildFile; fileRef = F224ECBCD6FB8EF3731A9107 /* GoogleService-Info.plist */; };
		1E05E551E79062CF189D1C95 /* StoreKitManager.swift in Sources */ = {isa = PBXBuildFile; fileRef = E46CADDD17F327DCD4BD284A /* StoreKitManager.swift */; };
		2294489E45CF01693C8727EB /* EditorViewModel.swift in Sources */ = {isa = PBXBuildFile; fileRef = 8C591429A3F653493C57FBD3 /* EditorViewModel.swift */; };
		249970B9F9D8526AAAA82C59 /* LibraryViewModel.swift in Sources */ = {isa = PBXBuildFile; fileRef = 00CE66FC57E12AEDA392085E /* LibraryViewModel.swift */; };
		25FD52C37E5E4A0EAC9DD4A1 /* EffectPreset.swift in Sources */ = {isa = PBXBuildFile; fileRef = D6AC4A50CAA4E2DDEE225DDE /* EffectPreset.swift */; };
		2F711C75013C293620B707DA /* ContentView.swift in Sources */ = {isa = PBXBuildFile; fileRef = C8FB74D07DC8C735FBE06B0F /* ContentView.swift */; };
		32A0AA68C6BB8DB4DDA9ECEE /* TempoControlView.swift in Sources */ = {isa = PBXBuildFile; fileRef = E7D66348D51C1219A7B55D3E /* TempoControlView.swift */; };
		3638898E737E4E7348D84E9C /* SharedComponents.swift in Sources */ = {isa = PBXBuildFile; fileRef = C37E43F21D4F8A1AF84C33B7 /* SharedComponents.swift */; };
		44D14B1259A9CC1158E3A4A2 /* EffectsView.swift in Sources */ = {isa = PBXBuildFile; fileRef = 3B2FDC27B59B9189E64D6AB2 /* EffectsView.swift */; };
		466C543DB404130A5BBD72F8 /* WaveformView.swift in Sources */ = {isa = PBXBuildFile; fileRef = A66FA59947C083386DEDAB34 /* WaveformView.swift */; };
		56C12CEB643E1BC9AA9590C6 /* LoopControlView.swift in Sources */ = {isa = PBXBuildFile; fileRef = A7A6EFBBFE8D4DE98E00621A /* LoopControlView.swift */; };
		5B791ACBA7EAC51D3048F1D5 /* OnboardingView.swift in Sources */ = {isa = PBXBuildFile; fileRef = 88E6E0504B6822FD3B13A310 /* OnboardingView.swift */; };
		668D72E1403CAFED9FAEB630 /* PitchControlView.swift in Sources */ = {isa = PBXBuildFile; fileRef = DE1176464A7E3F511EE16818 /* PitchControlView.swift */; };
		8392220E9DD815FFD33AA34D /* PlayerViewModel.swift in Sources */ = {isa = PBXBuildFile; fileRef = B02B9BCA89E15CFC0628639E /* PlayerViewModel.swift */; };
		8A5147605FB943BAE5703C03 /* AudioSettings.swift in Sources */ = {isa = PBXBuildFile; fileRef = BDA2309E31205965AAC980CF /* AudioSettings.swift */; };
		8B18D93C51122B7A7C82E567 /* SettingsView.swift in Sources */ = {isa = PBXBuildFile; fileRef = B1899938F53BA90C19178A3D /* SettingsView.swift */; };
		A49FE64D8D555D17E6601AF0 /* LoopMarker.swift in Sources */ = {isa = PBXBuildFile; fileRef = 35C60C67481D3F2EAB3D0692 /* LoopMarker.swift */; };
		B202C93DE2DF583515BC4C6A /* PitchShifter.swift in Sources */ = {isa = PBXBuildFile; fileRef = 2188CBC29709D04CB59F9A54 /* PitchShifter.swift */; };
		B226DCA8CA4115854A799343 /* WaveformRenderer.swift in Sources */ = {isa = PBXBuildFile; fileRef = 2E2294ED46955902B808EAF4 /* WaveformRenderer.swift */; };
		B6D26F89B0CE14B49571387D /* HomeView.swift in Sources */ = {isa = PBXBuildFile; fileRef = AF95FBCE28FB2B2A6D6B8F7D /* HomeView.swift */; };
		B9BE0CA7A21D4D7DB640E773 /* Assets.xcassets in Resources */ = {isa = PBXBuildFile; fileRef = FB224B0040C24215A1A6F70F /* Assets.xcassets */; };
		C1ED96F3BBBFF9B6DFDDEAB5 /* ExportView.swift in Sources */ = {isa = PBXBuildFile; fileRef = A510D082E1D51FF8C421650A /* ExportView.swift */; };
		CDA450B5A10884ADCD1F2994 /* TuneGeniusApp.swift in Sources */ = {isa = PBXBuildFile; fileRef = BD4EE8190AE1820FEE3242D6 /* TuneGeniusApp.swift */; };
		D75362717288EF17D2B5D0BE /* AudioEngineService.swift in Sources */ = {isa = PBXBuildFile; fileRef = AB23353D01237B3AEE327CDA /* AudioEngineService.swift */; };
		D9336AC47E9677AA3B2D67B2 /* AudioTrack.swift in Sources */ = {isa = PBXBuildFile; fileRef = 202992EE30B81815C3B3414C /* AudioTrack.swift */; };
		E523389F153501632EC99826 /* PaywallView.swift in Sources */ = {isa = PBXBuildFile; fileRef = E4353A5E2FD5478C10B88B4B /* PaywallView.swift */; };
		F17AC151F064ED4A1176B797 /* LibraryView.swift in Sources */ = {isa = PBXBuildFile; fileRef = F852B6197A78BBCB37433EA9 /* LibraryView.swift */; };
		F730B3EE67A3F97933E2EC23 /* TempoChanger.swift in Sources */ = {isa = PBXBuildFile; fileRef = B54D1DEE0082CDB3E593C2EF /* TempoChanger.swift */; };
		FA24469D330288AADEDB7909 /* AudioExporter.swift in Sources */ = {isa = PBXBuildFile; fileRef = 36851E8056662593D588AC10 /* AudioExporter.swift */; };
/* End PBXBuildFile section */

/* Begin PBXFileReference section */
		00CE66FC57E12AEDA392085E /* LibraryViewModel.swift */ = {isa = PBXFileReference; lastKnownFileType = sourcecode.swift; path = LibraryViewModel.swift; sourceTree = "<group>"; };
		202992EE30B81815C3B3414C /* AudioTrack.swift */ = {isa = PBXFileReference; lastKnownFileType = sourcecode.swift; path = AudioTrack.swift; sourceTree = "<group>"; };
		2188CBC29709D04CB59F9A54 /* PitchShifter.swift */ = {isa = PBXFileReference; lastKnownFileType = sourcecode.swift; path = PitchShifter.swift; sourceTree = "<group>"; };
		2E2294ED46955902B808EAF4 /* WaveformRenderer.swift */ = {isa = PBXFileReference; lastKnownFileType = sourcecode.swift; path = WaveformRenderer.swift; sourceTree = "<group>"; };
		35C60C67481D3F2EAB3D0692 /* LoopMarker.swift */ = {isa = PBXFileReference; lastKnownFileType = sourcecode.swift; path = LoopMarker.swift; sourceTree = "<group>"; };
		36851E8056662593D588AC10 /* AudioExporter.swift */ = {isa = PBXFileReference; lastKnownFileType = sourcecode.swift; path = AudioExporter.swift; sourceTree = "<group>"; };
		3B2FDC27B59B9189E64D6AB2 /* EffectsView.swift */ = {isa = PBXFileReference; lastKnownFileType = sourcecode.swift; path = EffectsView.swift; sourceTree = "<group>"; };
		8850CD542F71858500B7A12B /* TuneGenius.app */ = {isa = PBXFileReference; explicitFileType = wrapper.application; includeInIndex = 0; path = TuneGenius.app; sourceTree = BUILT_PRODUCTS_DIR; };
		88E6E0504B6822FD3B13A310 /* OnboardingView.swift */ = {isa = PBXFileReference; lastKnownFileType = sourcecode.swift; path = OnboardingView.swift; sourceTree = "<group>"; };
		8C591429A3F653493C57FBD3 /* EditorViewModel.swift */ = {isa = PBXFileReference; lastKnownFileType = sourcecode.swift; path = EditorViewModel.swift; sourceTree = "<group>"; };
		8DCEC9D2D1944E282FB5478F /* Info.plist */ = {isa = PBXFileReference; lastKnownFileType = text.plist.xml; path = Info.plist; sourceTree = "<group>"; };
		A510D082E1D51FF8C421650A /* ExportView.swift */ = {isa = PBXFileReference; lastKnownFileType = sourcecode.swift; path = ExportView.swift; sourceTree = "<group>"; };
		A66FA59947C083386DEDAB34 /* WaveformView.swift */ = {isa = PBXFileReference; lastKnownFileType = sourcecode.swift; path = WaveformView.swift; sourceTree = "<group>"; };
		A7A6EFBBFE8D4DE98E00621A /* LoopControlView.swift */ = {isa = PBXFileReference; lastKnownFileType = sourcecode.swift; path = LoopControlView.swift; sourceTree = "<group>"; };
		AB23353D01237B3AEE327CDA /* AudioEngineService.swift */ = {isa = PBXFileReference; lastKnownFileType = sourcecode.swift; path = AudioEngineService.swift; sourceTree = "<group>"; };
		AF95FBCE28FB2B2A6D6B8F7D /* HomeView.swift */ = {isa = PBXFileReference; lastKnownFileType = sourcecode.swift; path = HomeView.swift; sourceTree = "<group>"; };
		B02B9BCA89E15CFC0628639E /* PlayerViewModel.swift */ = {isa = PBXFileReference; lastKnownFileType = sourcecode.swift; path = PlayerViewModel.swift; sourceTree = "<group>"; };
		B1899938F53BA90C19178A3D /* SettingsView.swift */ = {isa = PBXFileReference; lastKnownFileType = sourcecode.swift; path = SettingsView.swift; sourceTree = "<group>"; };
		B54D1DEE0082CDB3E593C2EF /* TempoChanger.swift */ = {isa = PBXFileReference; lastKnownFileType = sourcecode.swift; path = TempoChanger.swift; sourceTree = "<group>"; };
		BD4EE8190AE1820FEE3242D6 /* TuneGeniusApp.swift */ = {isa = PBXFileReference; lastKnownFileType = sourcecode.swift; path = TuneGeniusApp.swift; sourceTree = "<group>"; };
		BDA2309E31205965AAC980CF /* AudioSettings.swift */ = {isa = PBXFileReference; lastKnownFileType = sourcecode.swift; path = AudioSettings.swift; sourceTree = "<group>"; };
		C37E43F21D4F8A1AF84C33B7 /* SharedComponents.swift */ = {isa = PBXFileReference; lastKnownFileType = sourcecode.swift; path = SharedComponents.swift; sourceTree = "<group>"; };
		C8FB74D07DC8C735FBE06B0F /* ContentView.swift */ = {isa = PBXFileReference; lastKnownFileType = sourcecode.swift; path = ContentView.swift; sourceTree = "<group>"; };
		CDCA2CA1298721BEB00E356E /* PlayerView.swift */ = {isa = PBXFileReference; lastKnownFileType = sourcecode.swift; path = PlayerView.swift; sourceTree = "<group>"; };
		D6AC4A50CAA4E2DDEE225DDE /* EffectPreset.swift */ = {isa = PBXFileReference; lastKnownFileType = sourcecode.swift; path = EffectPreset.swift; sourceTree = "<group>"; };
		D6F2BEF6F5E888D7D8A85599 /* TuneGenius.entitlements */ = {isa = PBXFileReference; lastKnownFileType = text.plist.entitlements; path = TuneGenius.entitlements; sourceTree = "<group>"; };
		DE1176464A7E3F511EE16818 /* PitchControlView.swift */ = {isa = PBXFileReference; lastKnownFileType = sourcecode.swift; path = PitchControlView.swift; sourceTree = "<group>"; };
		E4353A5E2FD5478C10B88B4B /* PaywallView.swift */ = {isa = PBXFileReference; lastKnownFileType = sourcecode.swift; path = PaywallView.swift; sourceTree = "<group>"; };
		E46CADDD17F327DCD4BD284A /* StoreKitManager.swift */ = {isa = PBXFileReference; lastKnownFileType = sourcecode.swift; path = StoreKitManager.swift; sourceTree = "<group>"; };
		E7D66348D51C1219A7B55D3E /* TempoControlView.swift */ = {isa = PBXFileReference; lastKnownFileType = sourcecode.swift; path = TempoControlView.swift; sourceTree = "<group>"; };
		F224ECBCD6FB8EF3731A9107 /* GoogleService-Info.plist */ = {isa = PBXFileReference; lastKnownFileType = text.plist.xml; path = "GoogleService-Info.plist"; sourceTree = "<group>"; };
		F852B6197A78BBCB37433EA9 /* LibraryView.swift */ = {isa = PBXFileReference; lastKnownFileType = sourcecode.swift; path = LibraryView.swift; sourceTree = "<group>"; };
		FB224B0040C24215A1A6F70F /* Assets.xcassets */ = {isa = PBXFileReference; lastKnownFileType = folder.assetcatalog; path = Assets.xcassets; sourceTree = "<group>"; };
/* End PBXFileReference section */

/* Begin PBXFrameworksBuildPhase section */
		2E736DC4E22966F765AB4C91 /* Frameworks */ = {
			isa = PBXFrameworksBuildPhase;
			buildActionMask = 2147483647;
			files = (
			);
			runOnlyForDeploymentPostprocessing = 0;
		};
/* End PBXFrameworksBuildPhase section */

/* Begin PBXGroup section */
		1EA5FE75E2352406DC9F4345 /* Models */ = {
			isa = PBXGroup;
			children = (
				202992EE30B81815C3B3414C /* AudioTrack.swift */,
				BDA2309E31205965AAC980CF /* AudioSettings.swift */,
				35C60C67481D3F2EAB3D0692 /* LoopMarker.swift */,
				D6AC4A50CAA4E2DDEE225DDE /* EffectPreset.swift */,
			);
			path = Models;
			sourceTree = "<group>";
		};
		3628D05DA16D5585AF650A53 /* TuneGenius */ = {
			isa = PBXGroup;
			children = (
				D6F2BEF6F5E888D7D8A85599 /* TuneGenius.entitlements */,
				1EA5FE75E2352406DC9F4345 /* Models */,
				C01CC95927AA68025CDF5FCE /* Services */,
				C51289E1A8124B6C9D47CACA /* ViewModels */,
				D778815D691A486EF850AB00 /* Views */,
				EE70B022B802CA5D60D152A8 /* Resources */,
				FB224B0040C24215A1A6F70F /* Assets.xcassets */,
				BD4EE8190AE1820FEE3242D6 /* TuneGeniusApp.swift */,
				C8FB74D07DC8C735FBE06B0F /* ContentView.swift */,
			);
			path = TuneGenius;
			sourceTree = "<group>";
		};
		8850CD552F71858500B7A12B /* Products */ = {
			isa = PBXGroup;
			children = (
				8850CD542F71858500B7A12B /* TuneGenius.app */,
			);
			name = Products;
			sourceTree = "<group>";
		};
		B9B8DBC97B2054281802674F = {
			isa = PBXGroup;
			children = (
				3628D05DA16D5585AF650A53 /* TuneGenius */,
				8850CD552F71858500B7A12B /* Products */,
			);
			sourceTree = "<group>";
		};
		C01CC95927AA68025CDF5FCE /* Services */ = {
			isa = PBXGroup;
			children = (
				E46CADDD17F327DCD4BD284A /* StoreKitManager.swift */,
				AB23353D01237B3AEE327CDA /* AudioEngineService.swift */,
				2188CBC29709D04CB59F9A54 /* PitchShifter.swift */,
				B54D1DEE0082CDB3E593C2EF /* TempoChanger.swift */,
				36851E8056662593D588AC10 /* AudioExporter.swift */,
				2E2294ED46955902B808EAF4 /* WaveformRenderer.swift */,
			);
			path = Services;
			sourceTree = "<group>";
		};
		C51289E1A8124B6C9D47CACA /* ViewModels */ = {
			isa = PBXGroup;
			children = (
				B02B9BCA89E15CFC0628639E /* PlayerViewModel.swift */,
				8C591429A3F653493C57FBD3 /* EditorViewModel.swift */,
				00CE66FC57E12AEDA392085E /* LibraryViewModel.swift */,
			);
			path = ViewModels;
			sourceTree = "<group>";
		};
		D778815D691A486EF850AB00 /* Views */ = {
			isa = PBXGroup;
			children = (
				AF95FBCE28FB2B2A6D6B8F7D /* HomeView.swift */,
				CDCA2CA1298721BEB00E356E /* PlayerView.swift */,
				A66FA59947C083386DEDAB34 /* WaveformView.swift */,
				DE1176464A7E3F511EE16818 /* PitchControlView.swift */,
				E7D66348D51C1219A7B55D3E /* TempoControlView.swift */,
				3B2FDC27B59B9189E64D6AB2 /* EffectsView.swift */,
				A7A6EFBBFE8D4DE98E00621A /* LoopControlView.swift */,
				F852B6197A78BBCB37433EA9 /* LibraryView.swift */,
				A510D082E1D51FF8C421650A /* ExportView.swift */,
				E4353A5E2FD5478C10B88B4B /* PaywallView.swift */,
				88E6E0504B6822FD3B13A310 /* OnboardingView.swift */,
				B1899938F53BA90C19178A3D /* SettingsView.swift */,
				C37E43F21D4F8A1AF84C33B7 /* SharedComponents.swift */,
			);
			path = Views;
			sourceTree = "<group>";
		};
		EE70B022B802CA5D60D152A8 /* Resources */ = {
			isa = PBXGroup;
			children = (
				8DCEC9D2D1944E282FB5478F /* Info.plist */,
				F224ECBCD6FB8EF3731A9107 /* GoogleService-Info.plist */,
			);
			path = Resources;
			sourceTree = "<group>";
		};
/* End PBXGroup section */

/* Begin PBXNativeTarget section */
		AA99480DE19399D0C00413DC /* TuneGenius */ = {
			isa = PBXNativeTarget;
			buildConfigurationList = 1D3A3E2C31D078EA0EFB94AA /* Build configuration list for PBXNativeTarget "TuneGenius" */;
			buildPhases = (
				8BB8ABC24AB723F99D4DD920 /* Sources */,
				01CC597ABAD15DB9D2376BE0 /* Resources */,
				2E736DC4E22966F765AB4C91 /* Frameworks */,
			);
			buildRules = (
			);
			dependencies = (
			);
			name = TuneGenius;
			productName = TuneGenius;
			productReference = 8850CD542F71858500B7A12B /* TuneGenius.app */;
			productType = "com.apple.product-type.application";
		};
/* End PBXNativeTarget section */

/* Begin PBXProject section */
		6A714FD6B079E972445851C7 /* Project object */ = {
			isa = PBXProject;
			attributes = {
			};
			buildConfigurationList = 1E701A5F9C80F4B5DADD1F3C /* Build configuration list for PBXProject "TuneGenius" */;
			compatibilityVersion = "Xcode 14.0";
			developmentRegion = en;
			hasScannedForEncodings = 0;
			knownRegions = (
				en,
				Base,
			);
			mainGroup = B9B8DBC97B2054281802674F;
			productRefGroup = 8850CD552F71858500B7A12B /* Products */;
			projectDirPath = "";
			projectRoot = "";
			targets = (
				AA99480DE19399D0C00413DC /* TuneGenius */,
			);
		};
/* End PBXProject section */

/* Begin PBXResourcesBuildPhase section */
		01CC597ABAD15DB9D2376BE0 /* Resources */ = {
			isa = PBXResourcesBuildPhase;
			buildActionMask = 2147483647;
			files = (
				17AA36CEC4127A7841F00911 /* GoogleService-Info.plist in Resources */,
				B9BE0CA7A21D4D7DB640E773 /* Assets.xcassets in Resources */,
			);
			runOnlyForDeploymentPostprocessing = 0;
		};
/* End PBXResourcesBuildPhase section */

/* Begin PBXSourcesBuildPhase section */
		8BB8ABC24AB723F99D4DD920 /* Sources */ = {
			isa = PBXSourcesBuildPhase;
			buildActionMask = 2147483647;
			files = (
				CDA450B5A10884ADCD1F2994 /* TuneGeniusApp.swift in Sources */,
				2F711C75013C293620B707DA /* ContentView.swift in Sources */,
				D9336AC47E9677AA3B2D67B2 /* AudioTrack.swift in Sources */,
				8A5147605FB943BAE5703C03 /* AudioSettings.swift in Sources */,
				A49FE64D8D555D17E6601AF0 /* LoopMarker.swift in Sources */,
				25FD52C37E5E4A0EAC9DD4A1 /* EffectPreset.swift in Sources */,
				1E05E551E79062CF189D1C95 /* StoreKitManager.swift in Sources */,
				D75362717288EF17D2B5D0BE /* AudioEngineService.swift in Sources */,
				B202C93DE2DF583515BC4C6A /* PitchShifter.swift in Sources */,
				F730B3EE67A3F97933E2EC23 /* TempoChanger.swift in Sources */,
				FA24469D330288AADEDB7909 /* AudioExporter.swift in Sources */,
				B226DCA8CA4115854A799343 /* WaveformRenderer.swift in Sources */,
				8392220E9DD815FFD33AA34D /* PlayerViewModel.swift in Sources */,
				2294489E45CF01693C8727EB /* EditorViewModel.swift in Sources */,
				249970B9F9D8526AAAA82C59 /* LibraryViewModel.swift in Sources */,
				B6D26F89B0CE14B49571387D /* HomeView.swift in Sources */,
				033DD522214B9706C8304B6D /* PlayerView.swift in Sources */,
				466C543DB404130A5BBD72F8 /* WaveformView.swift in Sources */,
				668D72E1403CAFED9FAEB630 /* PitchControlView.swift in Sources */,
				32A0AA68C6BB8DB4DDA9ECEE /* TempoControlView.swift in Sources */,
				44D14B1259A9CC1158E3A4A2 /* EffectsView.swift in Sources */,
				56C12CEB643E1BC9AA9590C6 /* LoopControlView.swift in Sources */,
				F17AC151F064ED4A1176B797 /* LibraryView.swift in Sources */,
				C1ED96F3BBBFF9B6DFDDEAB5 /* ExportView.swift in Sources */,
				E523389F153501632EC99826 /* PaywallView.swift in Sources */,
				5B791ACBA7EAC51D3048F1D5 /* OnboardingView.swift in Sources */,
				8B18D93C51122B7A7C82E567 /* SettingsView.swift in Sources */,
				3638898E737E4E7348D84E9C /* SharedComponents.swift in Sources */,
			);
			runOnlyForDeploymentPostprocessing = 0;
		};
/* End PBXSourcesBuildPhase section */

/* Begin XCBuildConfiguration section */
		22795A40DB60B30E1C6F014C /* Debug */ = {
			isa = XCBuildConfiguration;
			buildSettings = {
				ALWAYS_SEARCH_USER_PATHS = NO;
				CLANG_ANALYZER_NONNULL = YES;
				CLANG_ENABLE_MODULES = YES;
				CLANG_ENABLE_OBJC_ARC = YES;
				COPY_PHASE_STRIP = NO;
				DEBUG_INFORMATION_FORMAT = dwarf;
				ENABLE_TESTABILITY = YES;
				GCC_OPTIMIZATION_LEVEL = 0;
				IPHONEOS_DEPLOYMENT_TARGET = 17.0;
				ONLY_ACTIVE_ARCH = YES;
				SDKROOT = iphoneos;
				SWIFT_OPTIMIZATION_LEVEL = "-Onone";
				SWIFT_VERSION = 5.0;
			};
			name = Debug;
		};
		60A51F2545200C0211F1EFA4 /* Debug */ = {
			isa = XCBuildConfiguration;
			buildSettings = {
				ASIDE_SWIFT_COMPILATION_MODE = wholemodule;
				ASSETCATALOG_COMPILER_APPICON_NAME = AppIcon;
				CODE_SIGN_ENTITLEMENTS = TuneGenius/TuneGenius.entitlements;
				CODE_SIGN_STYLE = Automatic;
				CURRENT_PROJECT_VERSION = 1;
				DEVELOPMENT_ASSET_PATHS = "";
				DEVELOPMENT_TEAM = 7RS696YC75;
				ENABLE_PREVIEWS = YES;
				GENERATE_INFOPLIST_FILE = NO;
				INFOPLIST_FILE = TuneGenius/Resources/Info.plist;
				IPHONEOS_DEPLOYMENT_TARGET = 17.0;
				MARKETING_VERSION = 1.0.0;
				PRODUCT_BUNDLE_IDENTIFIER = com.appfactory.tunegenius;
				PRODUCT_NAME = "$(TARGET_NAME)";
				SDKROOT = iphoneos;
				SUPPORTED_PLATFORMS = "iphoneos iphonesimulator";
				SWIFT_EMIT_LOC_STRINGS = YES;
				SWIFT_VERSION = 5.0;
				TARGETED_DEVICE_FAMILY = "1,2";
			};
			name = Debug;
		};
		A07899EC5270E110440AA4F5 /* Release */ = {
			isa = XCBuildConfiguration;
			buildSettings = {
				ALWAYS_SEARCH_USER_PATHS = NO;
				CLANG_ANALYZER_NONNULL = YES;
				CLANG_ENABLE_MODULES = YES;
				CLANG_ENABLE_OBJC_ARC = YES;
				COPY_PHASE_STRIP = NO;
				DEBUG_INFORMATION_FORMAT = "dwarf-with-dsym";
				IPHONEOS_DEPLOYMENT_TARGET = 17.0;
				ONLY_ACTIVE_ARCH = YES;
				SDKROOT = iphoneos;
				SWIFT_OPTIMIZATION_LEVEL = "-O";
				SWIFT_VERSION = 5.0;
				VALIDATE_PRODUCT = YES;
			};
			name = Release;
		};
		AA11E70493DF328DB452CA30 /* Release */ = {
			isa = XCBuildConfiguration;
			buildSettings = {
				ASIDE_SWIFT_COMPILATION_MODE = wholemodule;
				ASSETCATALOG_COMPILER_APPICON_NAME = AppIcon;
				CODE_SIGN_ENTITLEMENTS = TuneGenius/TuneGenius.entitlements;
				CODE_SIGN_STYLE = Automatic;
				CURRENT_PROJECT_VERSION = 1;
				DEVELOPMENT_ASSET_PATHS = "";
				DEVELOPMENT_TEAM = 7RS696YC75;
				ENABLE_PREVIEWS = YES;
				GENERATE_INFOPLIST_FILE = NO;
				INFOPLIST_FILE = TuneGenius/Resources/Info.plist;
				IPHONEOS_DEPLOYMENT_TARGET = 17.0;
				MARKETING_VERSION = 1.0.0;
				PRODUCT_BUNDLE_IDENTIFIER = com.appfactory.tunegenius;
				PRODUCT_NAME = "$(TARGET_NAME)";
				SDKROOT = iphoneos;
				SUPPORTED_PLATFORMS = "iphoneos iphonesimulator";
				SWIFT_EMIT_LOC_STRINGS = YES;
				SWIFT_VERSION = 5.0;
				TARGETED_DEVICE_FAMILY = "1,2";
			};
			name = Release;
		};
/* End XCBuildConfiguration section */

/* Begin XCConfigurationList section */
		1D3A3E2C31D078EA0EFB94AA /* Build configuration list for PBXNativeTarget "TuneGenius" */ = {
			isa = XCConfigurationList;
			buildConfigurations = (
				60A51F2545200C0211F1EFA4 /* Debug */,
				AA11E70493DF328DB452CA30 /* Release */,
			);
			defaultConfigurationIsVisible = 0;
			defaultConfigurationName = Release;
		};
		1E701A5F9C80F4B5DADD1F3C /* Build configuration list for PBXProject "TuneGenius" */ = {
			isa = XCConfigurationList;
			buildConfigurations = (
				22795A40DB60B30E1C6F014C /* Debug */,
				A07899EC5270E110440AA4F5 /* Release */,
			);
			defaultConfigurationIsVisible = 0;
			defaultConfigurationName = Release;
		};
/* End XCConfigurationList section */
	};
	rootObject = 6A714FD6B079E972445851C7 /* Project object */;
}
